
Microsoft Visual Studio Solution File, Format Version 12.00
# Visual Studio Version 17
VisualStudioVersion = 17.4.33205.214
MinimumVisualStudioVersion = 10.0.40219.1
Project("{FAE04EC0-301F-11D3-BF4B-00C04F79EFBC}") = "QuanLyMaverikStudio", "QuanLyMaverikStudio\QuanLyMaverikStudio.csproj", "{C8D12DE2-DC70-4002-A903-158CF0447725}"
EndProject
Global
	GlobalSection(SolutionConfigurationPlatforms) = preSolution
		Debug|Any CPU = Debug|Any CPU
		Release|Any CPU = Release|Any CPU
	EndGlobalSection
	GlobalSection(ProjectConfigurationPlatforms) = postSolution
		{C8D12DE2-DC70-4002-A903-158CF0447725}.Debug|Any CPU.ActiveCfg = Debug|Any CPU
		{C8D12DE2-DC70-4002-A903-158CF0447725}.Debug|Any CPU.Build.0 = Debug|Any CPU
		{C8D12DE2-DC70-4002-A903-158CF0447725}.Release|Any CPU.ActiveCfg = Release|Any CPU
		{C8D12DE2-DC70-4002-A903-158CF0447725}.Release|Any CPU.Build.0 = Release|Any CPU
	EndGlobalSection
	GlobalSection(SolutionProperties) = preSolution
		HideSolutionNode = FALSE
	EndGlobalSection
	GlobalSection(ExtensibilityGlobals) = postSolution
		SolutionGuid = {FB5A60DB-A219-4FEC-86DE-90E15A24FC48}
	EndGlobalSection
EndGlobal
